
Microsoft Visual Studio Solution File, Format Version 12.00
# Visual Studio Version 17
VisualStudioVersion = 17.10.34707.107
MinimumVisualStudioVersion = 10.0.40219.1
Project("{FAE04EC0-301F-11D3-BF4B-00C04F79EFBC}") = "LearnerProject", "LearnerProject\LearnerProject.csproj", "{70EDD51D-E658-44F8-B39B-36181DE24DCD}"
EndProject
Global
	GlobalSection(SolutionConfigurationPlatforms) = preSolution
		Debug|Any CPU = Debug|Any CPU
		Release|Any CPU = Release|Any CPU
	EndGlobalSection
	GlobalSection(ProjectConfigurationPlatforms) = postSolution
		{70EDD51D-E658-44F8-B39B-36181DE24DCD}.Debug|Any CPU.ActiveCfg = Debug|Any CPU
		{70EDD51D-E658-44F8-B39B-36181DE24DCD}.Debug|Any CPU.Build.0 = Debug|Any CPU
		{70EDD51D-E658-44F8-B39B-36181DE24DCD}.Release|Any CPU.ActiveCfg = Release|Any CPU
		{70EDD51D-E658-44F8-B39B-36181DE24DCD}.Release|Any CPU.Build.0 = Release|Any CPU
	EndGlobalSection
	GlobalSection(SolutionProperties) = preSolution
		HideSolutionNode = FALSE
	EndGlobalSection
	GlobalSection(ExtensibilityGlobals) = postSolution
		SolutionGuid = {65083B71-57F9-44AF-BBDD-6156A66085E7}
	EndGlobalSection
EndGlobal
